
Microsoft Visual Studio Solution File, Format Version 12.00
# Visual Studio Version 17
VisualStudioVersion = 17.10.35122.118
MinimumVisualStudioVersion = 10.0.40219.1
Project("{FAE04EC0-301F-11D3-BF4B-00C04F79EFBC}") = "ORM-Project", "ORM-Project\ORM-Project.csproj", "{5D8B0D45-B81D-4E81-83DF-91EC08BF96A9}"
EndProject
Global
	GlobalSection(SolutionConfigurationPlatforms) = preSolution
		Debug|Any CPU = Debug|Any CPU
		Release|Any CPU = Release|Any CPU
	EndGlobalSection
	GlobalSection(ProjectConfigurationPlatforms) = postSolution
		{5D8B0D45-B81D-4E81-83DF-91EC08BF96A9}.Debug|Any CPU.ActiveCfg = Debug|Any CPU
		{5D8B0D45-B81D-4E81-83DF-91EC08BF96A9}.Debug|Any CPU.Build.0 = Debug|Any CPU
		{5D8B0D45-B81D-4E81-83DF-91EC08BF96A9}.Release|Any CPU.ActiveCfg = Release|Any CPU
		{5D8B0D45-B81D-4E81-83DF-91EC08BF96A9}.Release|Any CPU.Build.0 = Release|Any CPU
	EndGlobalSection
	GlobalSection(SolutionProperties) = preSolution
		HideSolutionNode = FALSE
	EndGlobalSection
	GlobalSection(ExtensibilityGlobals) = postSolution
		SolutionGuid = {6AC7EFCF-F437-466C-8209-142A768EF3E4}
	EndGlobalSection
EndGlobal
